
Microsoft Visual Studio Solution File, Format Version 11.00
# Visual C++ Express 2010
Project("{8BC9CEB8-8B4A-11D0-8D11-00A0C91BC942}") = "pbstru", "pbstru\pbstru.vcxproj", "{CC9930C3-350C-4BDA-A857-3F0053165ECA}"
EndProject
Project("{8BC9CEB8-8B4A-11D0-8D11-00A0C91BC942}") = "bstrlib", "..\bstrlib\bstrlib.vcxproj", "{0DF029D1-6846-4B27-A3DD-BD695AF0BB4F}"
EndProject
Project("{8BC9CEB8-8B4A-11D0-8D11-00A0C91BC942}") = "test_codec", "test_codec\test_codec.vcxproj", "{A8F84D90-F673-446D-91FB-B0BE720E9FA1}"
	ProjectSection(ProjectDependencies) = postProject
		{CC9930C3-350C-4BDA-A857-3F0053165ECA} = {CC9930C3-350C-4BDA-A857-3F0053165ECA}
	EndProjectSection
EndProject
Global
	GlobalSection(SolutionConfigurationPlatforms) = preSolution
		Debug|Win32 = Debug|Win32
		MinSizeRel|Win32 = MinSizeRel|Win32
		Release|Win32 = Release|Win32
		RelWithDebInfo|Win32 = RelWithDebInfo|Win32
	EndGlobalSection
	GlobalSection(ProjectConfigurationPlatforms) = postSolution
		{CC9930C3-350C-4BDA-A857-3F0053165ECA}.Debug|Win32.ActiveCfg = Debug|Win32
		{CC9930C3-350C-4BDA-A857-3F0053165ECA}.Debug|Win32.Build.0 = Debug|Win32
		{CC9930C3-350C-4BDA-A857-3F0053165ECA}.MinSizeRel|Win32.ActiveCfg = Release|Win32
		{CC9930C3-350C-4BDA-A857-3F0053165ECA}.MinSizeRel|Win32.Build.0 = Release|Win32
		{CC9930C3-350C-4BDA-A857-3F0053165ECA}.Release|Win32.ActiveCfg = Release|Win32
		{CC9930C3-350C-4BDA-A857-3F0053165ECA}.Release|Win32.Build.0 = Release|Win32
		{CC9930C3-350C-4BDA-A857-3F0053165ECA}.RelWithDebInfo|Win32.ActiveCfg = Release|Win32
		{CC9930C3-350C-4BDA-A857-3F0053165ECA}.RelWithDebInfo|Win32.Build.0 = Release|Win32
		{0DF029D1-6846-4B27-A3DD-BD695AF0BB4F}.Debug|Win32.ActiveCfg = Debug|Win32
		{0DF029D1-6846-4B27-A3DD-BD695AF0BB4F}.Debug|Win32.Build.0 = Debug|Win32
		{0DF029D1-6846-4B27-A3DD-BD695AF0BB4F}.MinSizeRel|Win32.ActiveCfg = Release|Win32
		{0DF029D1-6846-4B27-A3DD-BD695AF0BB4F}.MinSizeRel|Win32.Build.0 = Release|Win32
		{0DF029D1-6846-4B27-A3DD-BD695AF0BB4F}.Release|Win32.ActiveCfg = Release|Win32
		{0DF029D1-6846-4B27-A3DD-BD695AF0BB4F}.Release|Win32.Build.0 = Release|Win32
		{0DF029D1-6846-4B27-A3DD-BD695AF0BB4F}.RelWithDebInfo|Win32.ActiveCfg = Release|Win32
		{0DF029D1-6846-4B27-A3DD-BD695AF0BB4F}.RelWithDebInfo|Win32.Build.0 = Release|Win32
		{A8F84D90-F673-446D-91FB-B0BE720E9FA1}.Debug|Win32.ActiveCfg = Debug|Win32
		{A8F84D90-F673-446D-91FB-B0BE720E9FA1}.Debug|Win32.Build.0 = Debug|Win32
		{A8F84D90-F673-446D-91FB-B0BE720E9FA1}.MinSizeRel|Win32.ActiveCfg = Release|Win32
		{A8F84D90-F673-446D-91FB-B0BE720E9FA1}.MinSizeRel|Win32.Build.0 = Release|Win32
		{A8F84D90-F673-446D-91FB-B0BE720E9FA1}.Release|Win32.ActiveCfg = Release|Win32
		{A8F84D90-F673-446D-91FB-B0BE720E9FA1}.Release|Win32.Build.0 = Release|Win32
		{A8F84D90-F673-446D-91FB-B0BE720E9FA1}.RelWithDebInfo|Win32.ActiveCfg = Release|Win32
		{A8F84D90-F673-446D-91FB-B0BE720E9FA1}.RelWithDebInfo|Win32.Build.0 = Release|Win32
	EndGlobalSection
	GlobalSection(SolutionProperties) = preSolution
		HideSolutionNode = FALSE
	EndGlobalSection
EndGlobal
