<?xml version="1.0" encoding="utf-8"?>
<Project ToolsVersion="4.0" xmlns="http://schemas.microsoft.com/developer/msbuild/2003">
  <ItemGroup>
    <Filter Include="源文件">
      <UniqueIdentifier>{4FC737F1-C7A5-4376-A066-2A32D752A2FF}</UniqueIdentifier>
      <Extensions>cpp;c;cc;cxx;def;odl;idl;hpj;bat;asm;asmx</Extensions>
    </Filter>
    <Filter Include="头文件">
      <UniqueIdentifier>{93995380-89BD-4b04-88EB-625FBE52EBFB}</UniqueIdentifier>
      <Extensions>h;hpp;hxx;hm;inl;inc;xsd</Extensions>
    </Filter>
    <Filter Include="资源文件">
      <UniqueIdentifier>{67DA6AB6-F800-4c08-8B7A-83BB121AAD01}</UniqueIdentifier>
      <Extensions>rc;ico;cur;bmp;dlg;rc2;rct;bin;rgs;gif;jpg;jpeg;jpe;resx;tiff;tif;png;wav;mfcribbon-ms</Extensions>
    </Filter>
  </ItemGroup>
  <ItemGroup>
    <None Include="ReadMe.txt" />
  </ItemGroup>
  <ItemGroup>
    <ClCompile Include="test_codec.cpp">
      <Filter>源文件</Filter>
    </ClCompile>
    <ClCompile Include="..\..\pbstru\pbstru\codec\addrequest.c">
      <Filter>源文件</Filter>
    </ClCompile>
    <ClCompile Include="..\..\pbstru\pbstru\codec\anysubrequest.c">
      <Filter>源文件</Filter>
    </ClCompile>
    <ClCompile Include="..\..\pbstru\pbstru\codec\batchqrypi.c">
      <Filter>源文件</Filter>
    </ClCompile>
    <ClCompile Include="..\..\pbstru\pbstru\codec\checkconsistack.c">
      <Filter>源文件</Filter>
    </ClCompile>
    <ClCompile Include="..\..\pbstru\pbstru\codec\checkconsistreq.c">
      <Filter>源文件</Filter>
    </ClCompile>
    <ClCompile Include="..\..\pbstru\pbstru\codec\compoundrequest.c">
      <Filter>源文件</Filter>
    </ClCompile>
    <ClCompile Include="..\..\pbstru\pbstru\codec\deleterequest.c">
      <Filter>源文件</Filter>
    </ClCompile>
    <ClCompile Include="..\..\pbstru\pbstru\codec\field.c">
      <Filter>源文件</Filter>
    </ClCompile>
    <ClCompile Include="..\..\pbstru\pbstru\codec\filter.c">
      <Filter>源文件</Filter>
    </ClCompile>
    <ClCompile Include="..\..\pbstru\pbstru\codec\identifier.c">
      <Filter>源文件</Filter>
    </ClCompile>
    <ClCompile Include="..\..\pbstru\pbstru\codec\identifiers.c">
      <Filter>源文件</Filter>
    </ClCompile>
    <ClCompile Include="..\..\pbstru\pbstru\codec\itemcount.c">
      <Filter>源文件</Filter>
    </ClCompile>
    <ClCompile Include="..\..\pbstru\pbstru\codec\moddata.c">
      <Filter>源文件</Filter>
    </ClCompile>
    <ClCompile Include="..\..\pbstru\pbstru\codec\modfield.c">
      <Filter>源文件</Filter>
    </ClCompile>
    <ClCompile Include="..\..\pbstru\pbstru\codec\modifyrequest.c">
      <Filter>源文件</Filter>
    </ClCompile>
    <ClCompile Include="..\..\pbstru\pbstru\codec\nodifyfield.c">
      <Filter>源文件</Filter>
    </ClCompile>
    <ClCompile Include="..\..\pbstru\pbstru\codec\notify.c">
      <Filter>源文件</Filter>
    </ClCompile>
    <ClCompile Include="..\..\pbstru\pbstru\codec\notifydata.c">
      <Filter>源文件</Filter>
    </ClCompile>
    <ClCompile Include="..\..\pbstru\pbstru\codec\notifymsg.c">
      <Filter>源文件</Filter>
    </ClCompile>
    <ClCompile Include="..\..\pbstru\pbstru\codec\parameter.c">
      <Filter>源文件</Filter>
    </ClCompile>
    <ClCompile Include="..\..\pbstru\pbstru\codec\path.c">
      <Filter>源文件</Filter>
    </ClCompile>
    <ClCompile Include="..\..\pbstru\pbstru\codec\primarykey.c">
      <Filter>源文件</Filter>
    </ClCompile>
    <ClCompile Include="..\..\pbstru\pbstru\codec\queryrequest.c">
      <Filter>源文件</Filter>
    </ClCompile>
    <ClCompile Include="..\..\pbstru\pbstru\codec\range.c">
      <Filter>源文件</Filter>
    </ClCompile>
    <ClCompile Include="..\..\pbstru\pbstru\codec\rccpiinfo.c">
      <Filter>源文件</Filter>
    </ClCompile>
    <ClCompile Include="..\..\pbstru\pbstru\codec\rccresult.c">
      <Filter>源文件</Filter>
    </ClCompile>
    <ClCompile Include="..\..\pbstru\pbstru\codec\rcctupleinfo.c">
      <Filter>源文件</Filter>
    </ClCompile>
    <ClCompile Include="..\..\pbstru\pbstru\codec\response.c">
      <Filter>源文件</Filter>
    </ClCompile>
    <ClCompile Include="..\..\pbstru\pbstru\codec\result.c">
      <Filter>源文件</Filter>
    </ClCompile>
    <ClCompile Include="..\..\pbstru\pbstru\codec\singleitemcount.c">
      <Filter>源文件</Filter>
    </ClCompile>
    <ClCompile Include="..\..\pbstru\pbstru\codec\spinfo.c">
      <Filter>源文件</Filter>
    </ClCompile>
    <ClCompile Include="..\..\pbstru\pbstru\codec\statrequest.c">
      <Filter>源文件</Filter>
    </ClCompile>
    <ClCompile Include="..\..\pbstru\pbstru\codec\superpath.c">
      <Filter>源文件</Filter>
    </ClCompile>
    <ClCompile Include="..\..\pbstru\pbstru\codec\sysinfo.c">
      <Filter>源文件</Filter>
    </ClCompile>
    <ClCompile Include="..\..\pbstru\pbstru\codec\tuple.c">
      <Filter>源文件</Filter>
    </ClCompile>
    <ClCompile Include="..\..\pbstru\pbstru\codec\userinfo.c">
      <Filter>源文件</Filter>
    </ClCompile>
  </ItemGroup>
  <ItemGroup>
    <ClInclude Include="..\..\pbstru\pbstru\codec\addrequest.h">
      <Filter>头文件</Filter>
    </ClInclude>
    <ClInclude Include="..\..\pbstru\pbstru\codec\anysubrequest.h">
      <Filter>头文件</Filter>
    </ClInclude>
    <ClInclude Include="..\..\pbstru\pbstru\codec\batchqrypi.h">
      <Filter>头文件</Filter>
    </ClInclude>
    <ClInclude Include="..\..\pbstru\pbstru\codec\checkconsistack.h">
      <Filter>头文件</Filter>
    </ClInclude>
    <ClInclude Include="..\..\pbstru\pbstru\codec\checkconsistreq.h">
      <Filter>头文件</Filter>
    </ClInclude>
    <ClInclude Include="..\..\pbstru\pbstru\codec\compoundrequest.h">
      <Filter>头文件</Filter>
    </ClInclude>
    <ClInclude Include="..\..\pbstru\pbstru\codec\deleterequest.h">
      <Filter>头文件</Filter>
    </ClInclude>
    <ClInclude Include="..\..\pbstru\pbstru\codec\field.h">
      <Filter>头文件</Filter>
    </ClInclude>
    <ClInclude Include="..\..\pbstru\pbstru\codec\filter.h">
      <Filter>头文件</Filter>
    </ClInclude>
    <ClInclude Include="..\..\pbstru\pbstru\codec\identifier.h">
      <Filter>头文件</Filter>
    </ClInclude>
    <ClInclude Include="..\..\pbstru\pbstru\codec\identifiers.h">
      <Filter>头文件</Filter>
    </ClInclude>
    <ClInclude Include="..\..\pbstru\pbstru\codec\itemcount.h">
      <Filter>头文件</Filter>
    </ClInclude>
    <ClInclude Include="..\..\pbstru\pbstru\codec\moddata.h">
      <Filter>头文件</Filter>
    </ClInclude>
    <ClInclude Include="..\..\pbstru\pbstru\codec\modfield.h">
      <Filter>头文件</Filter>
    </ClInclude>
    <ClInclude Include="..\..\pbstru\pbstru\codec\modifyrequest.h">
      <Filter>头文件</Filter>
    </ClInclude>
    <ClInclude Include="..\..\pbstru\pbstru\codec\nodifyfield.h">
      <Filter>头文件</Filter>
    </ClInclude>
    <ClInclude Include="..\..\pbstru\pbstru\codec\notify.h">
      <Filter>头文件</Filter>
    </ClInclude>
    <ClInclude Include="..\..\pbstru\pbstru\codec\notifydata.h">
      <Filter>头文件</Filter>
    </ClInclude>
    <ClInclude Include="..\..\pbstru\pbstru\codec\notifymsg.h">
      <Filter>头文件</Filter>
    </ClInclude>
    <ClInclude Include="..\..\pbstru\pbstru\codec\parameter.h">
      <Filter>头文件</Filter>
    </ClInclude>
    <ClInclude Include="..\..\pbstru\pbstru\codec\path.h">
      <Filter>头文件</Filter>
    </ClInclude>
    <ClInclude Include="..\..\pbstru\pbstru\codec\pbstru_comm.h">
      <Filter>头文件</Filter>
    </ClInclude>
    <ClInclude Include="..\..\pbstru\pbstru\codec\primarykey.h">
      <Filter>头文件</Filter>
    </ClInclude>
    <ClInclude Include="..\..\pbstru\pbstru\codec\queryrequest.h">
      <Filter>头文件</Filter>
    </ClInclude>
    <ClInclude Include="..\..\pbstru\pbstru\codec\range.h">
      <Filter>头文件</Filter>
    </ClInclude>
    <ClInclude Include="..\..\pbstru\pbstru\codec\rccpiinfo.h">
      <Filter>头文件</Filter>
    </ClInclude>
    <ClInclude Include="..\..\pbstru\pbstru\codec\rccresult.h">
      <Filter>头文件</Filter>
    </ClInclude>
    <ClInclude Include="..\..\pbstru\pbstru\codec\rcctupleinfo.h">
      <Filter>头文件</Filter>
    </ClInclude>
    <ClInclude Include="..\..\pbstru\pbstru\codec\response.h">
      <Filter>头文件</Filter>
    </ClInclude>
    <ClInclude Include="..\..\pbstru\pbstru\codec\result.h">
      <Filter>头文件</Filter>
    </ClInclude>
    <ClInclude Include="..\..\pbstru\pbstru\codec\singleitemcount.h">
      <Filter>头文件</Filter>
    </ClInclude>
    <ClInclude Include="..\..\pbstru\pbstru\codec\spinfo.h">
      <Filter>头文件</Filter>
    </ClInclude>
    <ClInclude Include="..\..\pbstru\pbstru\codec\statrequest.h">
      <Filter>头文件</Filter>
    </ClInclude>
    <ClInclude Include="..\..\pbstru\pbstru\codec\superpath.h">
      <Filter>头文件</Filter>
    </ClInclude>
    <ClInclude Include="..\..\pbstru\pbstru\codec\sysinfo.h">
      <Filter>头文件</Filter>
    </ClInclude>
    <ClInclude Include="..\..\pbstru\pbstru\codec\tuple.h">
      <Filter>头文件</Filter>
    </ClInclude>
    <ClInclude Include="..\..\pbstru\pbstru\codec\userinfo.h">
      <Filter>头文件</Filter>
    </ClInclude>
  </ItemGroup>
</Project>