<?xml version="1.0" encoding="utf-8"?>
<Project ToolsVersion="4.0" xmlns="http://schemas.microsoft.com/developer/msbuild/2003">
  <ItemGroup>
    <Filter Include="源文件">
      <UniqueIdentifier>{4FC737F1-C7A5-4376-A066-2A32D752A2FF}</UniqueIdentifier>
      <Extensions>cpp;c;cc;cxx;def;odl;idl;hpj;bat;asm;asmx</Extensions>
    </Filter>
    <Filter Include="头文件">
      <UniqueIdentifier>{93995380-89BD-4b04-88EB-625FBE52EBFB}</UniqueIdentifier>
      <Extensions>h;hpp;hxx;hm;inl;inc;xsd</Extensions>
    </Filter>
    <Filter Include="资源文件">
      <UniqueIdentifier>{67DA6AB6-F800-4c08-8B7A-83BB121AAD01}</UniqueIdentifier>
      <Extensions>rc;ico;cur;bmp;dlg;rc2;rct;bin;rgs;gif;jpg;jpeg;jpe;resx;tiff;tif;png;wav;mfcribbon-ms</Extensions>
    </Filter>
  </ItemGroup>
  <ItemGroup>
    <None Include="ReadMe.txt" />
    <None Include="..\bin\codec\readme.md" />
  </ItemGroup>
  <ItemGroup>
    <ClCompile Include="test_codec.cpp">
      <Filter>源文件</Filter>
    </ClCompile>
    <ClCompile Include="..\bin\codec\addrequest.c">
      <Filter>源文件</Filter>
    </ClCompile>
    <ClCompile Include="..\bin\codec\anysubrequest.c">
      <Filter>源文件</Filter>
    </ClCompile>
    <ClCompile Include="..\bin\codec\asyncconfirmreq.c">
      <Filter>源文件</Filter>
    </ClCompile>
    <ClCompile Include="..\bin\codec\asyncconfirmresp.c">
      <Filter>源文件</Filter>
    </ClCompile>
    <ClCompile Include="..\bin\codec\batchqrypi.c">
      <Filter>源文件</Filter>
    </ClCompile>
    <ClCompile Include="..\bin\codec\bureauseqinfo.c">
      <Filter>源文件</Filter>
    </ClCompile>
    <ClCompile Include="..\bin\codec\ccaresreportrequest.c">
      <Filter>源文件</Filter>
    </ClCompile>
    <ClCompile Include="..\bin\codec\ccc2cdnoperslotreq.c">
      <Filter>源文件</Filter>
    </ClCompile>
    <ClCompile Include="..\bin\codec\ccc2cdnoperslotresp.c">
      <Filter>源文件</Filter>
    </ClCompile>
    <ClCompile Include="..\bin\codec\cccmasterelect.c">
      <Filter>源文件</Filter>
    </ClCompile>
    <ClCompile Include="..\bin\codec\cdbmtaack.c">
      <Filter>源文件</Filter>
    </ClCompile>
    <ClCompile Include="..\bin\codec\cdbmtadumpack.c">
      <Filter>源文件</Filter>
    </ClCompile>
    <ClCompile Include="..\bin\codec\cdbmtarccack.c">
      <Filter>源文件</Filter>
    </ClCompile>
    <ClCompile Include="..\bin\codec\cdbmtareq.c">
      <Filter>源文件</Filter>
    </ClCompile>
    <ClCompile Include="..\bin\codec\cdb_rbccc_t.c">
      <Filter>源文件</Filter>
    </ClCompile>
    <ClCompile Include="..\bin\codec\cdmfdistribnotify.c">
      <Filter>源文件</Filter>
    </ClCompile>
    <ClCompile Include="..\bin\codec\cdmfgetdistribreq.c">
      <Filter>源文件</Filter>
    </ClCompile>
    <ClCompile Include="..\bin\codec\cdmfgetstatereq.c">
      <Filter>源文件</Filter>
    </ClCompile>
    <ClCompile Include="..\bin\codec\cdmfstatenotify.c">
      <Filter>源文件</Filter>
    </ClCompile>
    <ClCompile Include="..\bin\codec\cdnresreportreq.c">
      <Filter>源文件</Filter>
    </ClCompile>
    <ClCompile Include="..\bin\codec\checkconsistack.c">
      <Filter>源文件</Filter>
    </ClCompile>
    <ClCompile Include="..\bin\codec\checkconsistreq.c">
      <Filter>源文件</Filter>
    </ClCompile>
    <ClCompile Include="..\bin\codec\cmdfqueryusernumack.c">
      <Filter>源文件</Filter>
    </ClCompile>
    <ClCompile Include="..\bin\codec\compoundrequest.c">
      <Filter>源文件</Filter>
    </ClCompile>
    <ClCompile Include="..\bin\codec\deleterequest.c">
      <Filter>源文件</Filter>
    </ClCompile>
    <ClCompile Include="..\bin\codec\dyncmdreq.c">
      <Filter>源文件</Filter>
    </ClCompile>
    <ClCompile Include="..\bin\codec\dyncmdrsp.c">
      <Filter>源文件</Filter>
    </ClCompile>
    <ClCompile Include="..\bin\codec\field.c">
      <Filter>源文件</Filter>
    </ClCompile>
    <ClCompile Include="..\bin\codec\filter.c">
      <Filter>源文件</Filter>
    </ClCompile>
    <ClCompile Include="..\bin\codec\getnodeidreq.c">
      <Filter>源文件</Filter>
    </ClCompile>
    <ClCompile Include="..\bin\codec\getnodeidrsp.c">
      <Filter>源文件</Filter>
    </ClCompile>
    <ClCompile Include="..\bin\codec\globalconfigrsp.c">
      <Filter>源文件</Filter>
    </ClCompile>
    <ClCompile Include="..\bin\codec\global_t.c">
      <Filter>源文件</Filter>
    </ClCompile>
    <ClCompile Include="..\bin\codec\identifier.c">
      <Filter>源文件</Filter>
    </ClCompile>
    <ClCompile Include="..\bin\codec\identifiers.c">
      <Filter>源文件</Filter>
    </ClCompile>
    <ClCompile Include="..\bin\codec\idvalue.c">
      <Filter>源文件</Filter>
    </ClCompile>
    <ClCompile Include="..\bin\codec\itemcount.c">
      <Filter>源文件</Filter>
    </ClCompile>
    <ClCompile Include="..\bin\codec\keyvalue.c">
      <Filter>源文件</Filter>
    </ClCompile>
    <ClCompile Include="..\bin\codec\line.c">
      <Filter>源文件</Filter>
    </ClCompile>
    <ClCompile Include="..\bin\codec\moddata.c">
      <Filter>源文件</Filter>
    </ClCompile>
    <ClCompile Include="..\bin\codec\modfield.c">
      <Filter>源文件</Filter>
    </ClCompile>
    <ClCompile Include="..\bin\codec\modifyrequest.c">
      <Filter>源文件</Filter>
    </ClCompile>
    <ClCompile Include="..\bin\codec\mtaheader.c">
      <Filter>源文件</Filter>
    </ClCompile>
    <ClCompile Include="..\bin\codec\nodestate.c">
      <Filter>源文件</Filter>
    </ClCompile>
    <ClCompile Include="..\bin\codec\nodifyfield.c">
      <Filter>源文件</Filter>
    </ClCompile>
    <ClCompile Include="..\bin\codec\notify.c">
      <Filter>源文件</Filter>
    </ClCompile>
    <ClCompile Include="..\bin\codec\notifydata.c">
      <Filter>源文件</Filter>
    </ClCompile>
    <ClCompile Include="..\bin\codec\notifymsg.c">
      <Filter>源文件</Filter>
    </ClCompile>
    <ClCompile Include="..\bin\codec\parameter.c">
      <Filter>源文件</Filter>
    </ClCompile>
    <ClCompile Include="..\bin\codec\path.c">
      <Filter>源文件</Filter>
    </ClCompile>
    <ClCompile Include="..\bin\codec\perfdata.c">
      <Filter>源文件</Filter>
    </ClCompile>
    <ClCompile Include="..\bin\codec\primarykey.c">
      <Filter>源文件</Filter>
    </ClCompile>
    <ClCompile Include="..\bin\codec\probepagereq.c">
      <Filter>源文件</Filter>
    </ClCompile>
    <ClCompile Include="..\bin\codec\probequerybyindexreq.c">
      <Filter>源文件</Filter>
    </ClCompile>
    <ClCompile Include="..\bin\codec\probesource.c">
      <Filter>源文件</Filter>
    </ClCompile>
    <ClCompile Include="..\bin\codec\queryrequest.c">
      <Filter>源文件</Filter>
    </ClCompile>
    <ClCompile Include="..\bin\codec\range.c">
      <Filter>源文件</Filter>
    </ClCompile>
    <ClCompile Include="..\bin\codec\rccpiinfo.c">
      <Filter>源文件</Filter>
    </ClCompile>
    <ClCompile Include="..\bin\codec\rccresult.c">
      <Filter>源文件</Filter>
    </ClCompile>
    <ClCompile Include="..\bin\codec\rcctupleinfo.c">
      <Filter>源文件</Filter>
    </ClCompile>
    <ClCompile Include="..\bin\codec\replicastate.c">
      <Filter>源文件</Filter>
    </ClCompile>
    <ClCompile Include="..\bin\codec\response.c">
      <Filter>源文件</Filter>
    </ClCompile>
    <ClCompile Include="..\bin\codec\resreportresponse.c">
      <Filter>源文件</Filter>
    </ClCompile>
    <ClCompile Include="..\bin\codec\result.c">
      <Filter>源文件</Filter>
    </ClCompile>
    <ClCompile Include="..\bin\codec\singleitemcount.c">
      <Filter>源文件</Filter>
    </ClCompile>
    <ClCompile Include="..\bin\codec\slotstate.c">
      <Filter>源文件</Filter>
    </ClCompile>
    <ClCompile Include="..\bin\codec\spinfo.c">
      <Filter>源文件</Filter>
    </ClCompile>
    <ClCompile Include="..\bin\codec\statrequest.c">
      <Filter>源文件</Filter>
    </ClCompile>
    <ClCompile Include="..\bin\codec\superpath.c">
      <Filter>源文件</Filter>
    </ClCompile>
    <ClCompile Include="..\bin\codec\sysinfo.c">
      <Filter>源文件</Filter>
    </ClCompile>
    <ClCompile Include="..\bin\codec\tenantseqinfo.c">
      <Filter>源文件</Filter>
    </ClCompile>
    <ClCompile Include="..\bin\codec\tenant_t.c">
      <Filter>源文件</Filter>
    </ClCompile>
    <ClCompile Include="..\bin\codec\tuple.c">
      <Filter>源文件</Filter>
    </ClCompile>
    <ClCompile Include="..\bin\codec\userinfo.c">
      <Filter>源文件</Filter>
    </ClCompile>
  </ItemGroup>
  <ItemGroup>
    <ClInclude Include="..\bin\codec\addrequest.h">
      <Filter>头文件</Filter>
    </ClInclude>
    <ClInclude Include="..\bin\codec\anysubrequest.h">
      <Filter>头文件</Filter>
    </ClInclude>
    <ClInclude Include="..\bin\codec\asyncconfirmreq.h">
      <Filter>头文件</Filter>
    </ClInclude>
    <ClInclude Include="..\bin\codec\asyncconfirmresp.h">
      <Filter>头文件</Filter>
    </ClInclude>
    <ClInclude Include="..\bin\codec\batchqrypi.h">
      <Filter>头文件</Filter>
    </ClInclude>
    <ClInclude Include="..\bin\codec\bureauseqinfo.h">
      <Filter>头文件</Filter>
    </ClInclude>
    <ClInclude Include="..\bin\codec\ccaresreportrequest.h">
      <Filter>头文件</Filter>
    </ClInclude>
    <ClInclude Include="..\bin\codec\ccc2cdnoperslotreq.h">
      <Filter>头文件</Filter>
    </ClInclude>
    <ClInclude Include="..\bin\codec\ccc2cdnoperslotresp.h">
      <Filter>头文件</Filter>
    </ClInclude>
    <ClInclude Include="..\bin\codec\cccmasterelect.h">
      <Filter>头文件</Filter>
    </ClInclude>
    <ClInclude Include="..\bin\codec\cdbmtaack.h">
      <Filter>头文件</Filter>
    </ClInclude>
    <ClInclude Include="..\bin\codec\cdbmtadumpack.h">
      <Filter>头文件</Filter>
    </ClInclude>
    <ClInclude Include="..\bin\codec\cdbmtarccack.h">
      <Filter>头文件</Filter>
    </ClInclude>
    <ClInclude Include="..\bin\codec\cdbmtareq.h">
      <Filter>头文件</Filter>
    </ClInclude>
    <ClInclude Include="..\bin\codec\cdb_rbccc_t.h">
      <Filter>头文件</Filter>
    </ClInclude>
    <ClInclude Include="..\bin\codec\cdmfdistribnotify.h">
      <Filter>头文件</Filter>
    </ClInclude>
    <ClInclude Include="..\bin\codec\cdmfgetdistribreq.h">
      <Filter>头文件</Filter>
    </ClInclude>
    <ClInclude Include="..\bin\codec\cdmfgetstatereq.h">
      <Filter>头文件</Filter>
    </ClInclude>
    <ClInclude Include="..\bin\codec\cdmfstatenotify.h">
      <Filter>头文件</Filter>
    </ClInclude>
    <ClInclude Include="..\bin\codec\cdnresreportreq.h">
      <Filter>头文件</Filter>
    </ClInclude>
    <ClInclude Include="..\bin\codec\checkconsistack.h">
      <Filter>头文件</Filter>
    </ClInclude>
    <ClInclude Include="..\bin\codec\checkconsistreq.h">
      <Filter>头文件</Filter>
    </ClInclude>
    <ClInclude Include="..\bin\codec\cmdfqueryusernumack.h">
      <Filter>头文件</Filter>
    </ClInclude>
    <ClInclude Include="..\bin\codec\compoundrequest.h">
      <Filter>头文件</Filter>
    </ClInclude>
    <ClInclude Include="..\bin\codec\deleterequest.h">
      <Filter>头文件</Filter>
    </ClInclude>
    <ClInclude Include="..\bin\codec\dyncmdreq.h">
      <Filter>头文件</Filter>
    </ClInclude>
    <ClInclude Include="..\bin\codec\dyncmdrsp.h">
      <Filter>头文件</Filter>
    </ClInclude>
    <ClInclude Include="..\bin\codec\field.h">
      <Filter>头文件</Filter>
    </ClInclude>
    <ClInclude Include="..\bin\codec\filter.h">
      <Filter>头文件</Filter>
    </ClInclude>
    <ClInclude Include="..\bin\codec\getnodeidreq.h">
      <Filter>头文件</Filter>
    </ClInclude>
    <ClInclude Include="..\bin\codec\getnodeidrsp.h">
      <Filter>头文件</Filter>
    </ClInclude>
    <ClInclude Include="..\bin\codec\globalconfigrsp.h">
      <Filter>头文件</Filter>
    </ClInclude>
    <ClInclude Include="..\bin\codec\global_t.h">
      <Filter>头文件</Filter>
    </ClInclude>
    <ClInclude Include="..\bin\codec\identifier.h">
      <Filter>头文件</Filter>
    </ClInclude>
    <ClInclude Include="..\bin\codec\identifiers.h">
      <Filter>头文件</Filter>
    </ClInclude>
    <ClInclude Include="..\bin\codec\idvalue.h">
      <Filter>头文件</Filter>
    </ClInclude>
    <ClInclude Include="..\bin\codec\itemcount.h">
      <Filter>头文件</Filter>
    </ClInclude>
    <ClInclude Include="..\bin\codec\keyvalue.h">
      <Filter>头文件</Filter>
    </ClInclude>
    <ClInclude Include="..\bin\codec\line.h">
      <Filter>头文件</Filter>
    </ClInclude>
    <ClInclude Include="..\bin\codec\moddata.h">
      <Filter>头文件</Filter>
    </ClInclude>
    <ClInclude Include="..\bin\codec\modfield.h">
      <Filter>头文件</Filter>
    </ClInclude>
    <ClInclude Include="..\bin\codec\modifyrequest.h">
      <Filter>头文件</Filter>
    </ClInclude>
    <ClInclude Include="..\bin\codec\mtaheader.h">
      <Filter>头文件</Filter>
    </ClInclude>
    <ClInclude Include="..\bin\codec\nodestate.h">
      <Filter>头文件</Filter>
    </ClInclude>
    <ClInclude Include="..\bin\codec\nodifyfield.h">
      <Filter>头文件</Filter>
    </ClInclude>
    <ClInclude Include="..\bin\codec\notify.h">
      <Filter>头文件</Filter>
    </ClInclude>
    <ClInclude Include="..\bin\codec\notifydata.h">
      <Filter>头文件</Filter>
    </ClInclude>
    <ClInclude Include="..\bin\codec\notifymsg.h">
      <Filter>头文件</Filter>
    </ClInclude>
    <ClInclude Include="..\bin\codec\parameter.h">
      <Filter>头文件</Filter>
    </ClInclude>
    <ClInclude Include="..\bin\codec\path.h">
      <Filter>头文件</Filter>
    </ClInclude>
    <ClInclude Include="..\bin\codec\pbstru_comm.h">
      <Filter>头文件</Filter>
    </ClInclude>
    <ClInclude Include="..\bin\codec\perfdata.h">
      <Filter>头文件</Filter>
    </ClInclude>
    <ClInclude Include="..\bin\codec\primarykey.h">
      <Filter>头文件</Filter>
    </ClInclude>
    <ClInclude Include="..\bin\codec\probepagereq.h">
      <Filter>头文件</Filter>
    </ClInclude>
    <ClInclude Include="..\bin\codec\probequerybyindexreq.h">
      <Filter>头文件</Filter>
    </ClInclude>
    <ClInclude Include="..\bin\codec\probesource.h">
      <Filter>头文件</Filter>
    </ClInclude>
    <ClInclude Include="..\bin\codec\queryrequest.h">
      <Filter>头文件</Filter>
    </ClInclude>
    <ClInclude Include="..\bin\codec\range.h">
      <Filter>头文件</Filter>
    </ClInclude>
    <ClInclude Include="..\bin\codec\rccpiinfo.h">
      <Filter>头文件</Filter>
    </ClInclude>
    <ClInclude Include="..\bin\codec\rccresult.h">
      <Filter>头文件</Filter>
    </ClInclude>
    <ClInclude Include="..\bin\codec\rcctupleinfo.h">
      <Filter>头文件</Filter>
    </ClInclude>
    <ClInclude Include="..\bin\codec\replicastate.h">
      <Filter>头文件</Filter>
    </ClInclude>
    <ClInclude Include="..\bin\codec\response.h">
      <Filter>头文件</Filter>
    </ClInclude>
    <ClInclude Include="..\bin\codec\resreportresponse.h">
      <Filter>头文件</Filter>
    </ClInclude>
    <ClInclude Include="..\bin\codec\result.h">
      <Filter>头文件</Filter>
    </ClInclude>
    <ClInclude Include="..\bin\codec\singleitemcount.h">
      <Filter>头文件</Filter>
    </ClInclude>
    <ClInclude Include="..\bin\codec\slotstate.h">
      <Filter>头文件</Filter>
    </ClInclude>
    <ClInclude Include="..\bin\codec\spinfo.h">
      <Filter>头文件</Filter>
    </ClInclude>
    <ClInclude Include="..\bin\codec\statrequest.h">
      <Filter>头文件</Filter>
    </ClInclude>
    <ClInclude Include="..\bin\codec\superpath.h">
      <Filter>头文件</Filter>
    </ClInclude>
    <ClInclude Include="..\bin\codec\sysinfo.h">
      <Filter>头文件</Filter>
    </ClInclude>
    <ClInclude Include="..\bin\codec\tenantseqinfo.h">
      <Filter>头文件</Filter>
    </ClInclude>
    <ClInclude Include="..\bin\codec\tenant_t.h">
      <Filter>头文件</Filter>
    </ClInclude>
    <ClInclude Include="..\bin\codec\tuple.h">
      <Filter>头文件</Filter>
    </ClInclude>
    <ClInclude Include="..\bin\codec\userinfo.h">
      <Filter>头文件</Filter>
    </ClInclude>
  </ItemGroup>
</Project>